
Microsoft Visual Studio Solution File, Format Version 12.00
# Visual Studio Version 17
VisualStudioVersion = 17.5.33516.290
MinimumVisualStudioVersion = 10.0.40219.1
Project("{FAE04EC0-301F-11D3-BF4B-00C04F79EFBC}") = "PrimitiveType", "PrimitiveType\PrimitiveType.csproj", "{9F37A347-E235-4AC2-9D13-F1136A7BB51C}"
EndProject
Global
	GlobalSection(SolutionConfigurationPlatforms) = preSolution
		Debug|Any CPU = Debug|Any CPU
		Release|Any CPU = Release|Any CPU
	EndGlobalSection
	GlobalSection(ProjectConfigurationPlatforms) = postSolution
		{9F37A347-E235-4AC2-9D13-F1136A7BB51C}.Debug|Any CPU.ActiveCfg = Debug|Any CPU
		{9F37A347-E235-4AC2-9D13-F1136A7BB51C}.Debug|Any CPU.Build.0 = Debug|Any CPU
		{9F37A347-E235-4AC2-9D13-F1136A7BB51C}.Release|Any CPU.ActiveCfg = Release|Any CPU
		{9F37A347-E235-4AC2-9D13-F1136A7BB51C}.Release|Any CPU.Build.0 = Release|Any CPU
	EndGlobalSection
	GlobalSection(SolutionProperties) = preSolution
		HideSolutionNode = FALSE
	EndGlobalSection
	GlobalSection(ExtensibilityGlobals) = postSolution
		SolutionGuid = {C017C610-3603-48CD-91B7-318012707FEB}
	EndGlobalSection
EndGlobal
